
Microsoft Visual Studio Solution File, Format Version 12.00
# Visual Studio Version 17
VisualStudioVersion = 17.14.36623.8
MinimumVisualStudioVersion = 10.0.40219.1
Project("{FAE04EC0-301F-11D3-BF4B-00C04F79EFBC}") = "SolucionDesde0.Host", "SolucionDesde0.Host\SolucionDesde0.Host.csproj", "{53AD9641-1C3F-48D8-80BA-14188E5D44F1}"
EndProject
Project("{FAE04EC0-301F-11D3-BF4B-00C04F79EFBC}") = "SolucionDesde0.API.Identity", "SolucionDesde0.API.Identity\SolucionDesde0.API.Identity.csproj", "{CA5F8DBE-090F-37B9-870B-DFDBE1C290D4}"
EndProject
Project("{2150E333-8FDC-42A3-9474-1A3956D46DE8}") = "Elementos de la solución", "Elementos de la solución", "{D107F4C8-89CC-BEA8-D3D7-CA6B7733353D}"
	ProjectSection(SolutionItems) = preProject
		Directory.Packages.props = Directory.Packages.props
	EndProjectSection
EndProject
Project("{FAE04EC0-301F-11D3-BF4B-00C04F79EFBC}") = "SolucionDesde0.API.Gateway", "SolucionDesde0.API.Gateway\SolucionDesde0.API.Gateway.csproj", "{F8F8CABE-B017-6562-2B49-6A5ABFC16963}"
EndProject
Global
	GlobalSection(SolutionConfigurationPlatforms) = preSolution
		Debug|Any CPU = Debug|Any CPU
		Release|Any CPU = Release|Any CPU
	EndGlobalSection
	GlobalSection(ProjectConfigurationPlatforms) = postSolution
		{53AD9641-1C3F-48D8-80BA-14188E5D44F1}.Debug|Any CPU.ActiveCfg = Debug|Any CPU
		{53AD9641-1C3F-48D8-80BA-14188E5D44F1}.Debug|Any CPU.Build.0 = Debug|Any CPU
		{53AD9641-1C3F-48D8-80BA-14188E5D44F1}.Release|Any CPU.ActiveCfg = Release|Any CPU
		{53AD9641-1C3F-48D8-80BA-14188E5D44F1}.Release|Any CPU.Build.0 = Release|Any CPU
		{CA5F8DBE-090F-37B9-870B-DFDBE1C290D4}.Debug|Any CPU.ActiveCfg = Debug|Any CPU
		{CA5F8DBE-090F-37B9-870B-DFDBE1C290D4}.Debug|Any CPU.Build.0 = Debug|Any CPU
		{CA5F8DBE-090F-37B9-870B-DFDBE1C290D4}.Release|Any CPU.ActiveCfg = Release|Any CPU
		{CA5F8DBE-090F-37B9-870B-DFDBE1C290D4}.Release|Any CPU.Build.0 = Release|Any CPU
		{F8F8CABE-B017-6562-2B49-6A5ABFC16963}.Debug|Any CPU.ActiveCfg = Debug|Any CPU
		{F8F8CABE-B017-6562-2B49-6A5ABFC16963}.Debug|Any CPU.Build.0 = Debug|Any CPU
		{F8F8CABE-B017-6562-2B49-6A5ABFC16963}.Release|Any CPU.ActiveCfg = Release|Any CPU
		{F8F8CABE-B017-6562-2B49-6A5ABFC16963}.Release|Any CPU.Build.0 = Release|Any CPU
	EndGlobalSection
	GlobalSection(SolutionProperties) = preSolution
		HideSolutionNode = FALSE
	EndGlobalSection
	GlobalSection(ExtensibilityGlobals) = postSolution
		SolutionGuid = {959FC54B-AC0D-4604-BBDF-F772A7F9D36A}
	EndGlobalSection
EndGlobal
